// !$*UTF8*$!
{
	archiveVersion = 1;
	classes = {
	};
	objectVersion = 55;
	objects = {

/* Begin PBXBuildFile section */
		6DCE3B8E27B1B2F70005A02D /* AppDelegate.swift in Sources */ = {isa = PBXBuildFile; fileRef = 6DCE3B8D27B1B2F70005A02D /* AppDelegate.swift */; };
		6DCE3B9027B1B2F70005A02D /* SceneDelegate.swift in Sources */ = {isa = PBXBuildFile; fileRef = 6DCE3B8F27B1B2F70005A02D /* SceneDelegate.swift */; };
		6DCE3B9227B1B2F70005A02D /* ViewController.swift in Sources */ = {isa = PBXBuildFile; fileRef = 6DCE3B9127B1B2F70005A02D /* ViewController.swift */; };
		6DCE3B9527B1B2F70005A02D /* Main.storyboard in Resources */ = {isa = PBXBuildFile; fileRef = 6DCE3B9327B1B2F70005A02D /* Main.storyboard */; };
		6DCE3B9727B1B3130005A02D /* Assets.xcassets in Resources */ = {isa = PBXBuildFile; fileRef = 6DCE3B9627B1B3130005A02D /* Assets.xcassets */; };
		6DCE3B9A27B1B3130005A02D /* LaunchScreen.storyboard in Resources */ = {isa = PBXBuildFile; fileRef = 6DCE3B9827B1B3130005A02D /* LaunchScreen.storyboard */; };
		6DCE3BA527B1B3140005A02D /* MultiplyTests.swift in Sources */ = {isa = PBXBuildFile; fileRef = 6DCE3BA427B1B3140005A02D /* MultiplyTests.swift */; };
		6DCE3BAF27B1B3140005A02D /* MultiplyUITests.swift in Sources */ = {isa = PBXBuildFile; fileRef = 6DCE3BAE27B1B3140005A02D /* MultiplyUITests.swift */; };
		6DCE3BB127B1B3140005A02D /* MultiplyUITestsLaunchTests.swift in Sources */ = {isa = PBXBuildFile; fileRef = 6DCE3BB027B1B3140005A02D /* MultiplyUITestsLaunchTests.swift */; };
/* End PBXBuildFile section */

/* Begin PBXContainerItemProxy section */
		6DCE3BA127B1B3140005A02D /* PBXContainerItemProxy */ = {
			isa = PBXContainerItemProxy;
			containerPortal = 6DCE3B8227B1B2F70005A02D /* Project object */;
			proxyType = 1;
			remoteGlobalIDString = 6DCE3B8927B1B2F70005A02D;
			remoteInfo = Multiply;
		};
		6DCE3BAB27B1B3140005A02D /* PBXContainerItemProxy */ = {
			isa = PBXContainerItemProxy;
			containerPortal = 6DCE3B8227B1B2F70005A02D /* Project object */;
			proxyType = 1;
			remoteGlobalIDString = 6DCE3B8927B1B2F70005A02D;
			remoteInfo = Multiply;
		};
/* End PBXContainerItemProxy section */

/* Begin PBXFileReference section */
		6DCE3B8A27B1B2F70005A02D /* Multiply.app */ = {isa = PBXFileReference; explicitFileType = wrapper.application; includeInIndex = 0; path = Multiply.app; sourceTree = BUILT_PRODUCTS_DIR; };
		6DCE3B8D27B1B2F70005A02D /* AppDelegate.swift */ = {isa = PBXFileReference; lastKnownFileType = sourcecode.swift; path = AppDelegate.swift; sourceTree = "<group>"; };
		6DCE3B8F27B1B2F70005A02D /* SceneDelegate.swift */ = {isa = PBXFileReference; lastKnownFileType = sourcecode.swift; path = SceneDelegate.swift; sourceTree = "<group>"; };
		6DCE3B9127B1B2F70005A02D /* ViewController.swift */ = {isa = PBXFileReference; lastKnownFileType = sourcecode.swift; path = ViewController.swift; sourceTree = "<group>"; };
		6DCE3B9427B1B2F70005A02D /* Base */ = {isa = PBXFileReference; lastKnownFileType = file.storyboard; name = Base; path = Base.lproj/Main.storyboard; sourceTree = "<group>"; };
		6DCE3B9627B1B3130005A02D /* Assets.xcassets */ = {isa = PBXFileReference; lastKnownFileType = folder.assetcatalog; path = Assets.xcassets; sourceTree = "<group>"; };
		6DCE3B9927B1B3130005A02D /* Base */ = {isa = PBXFileReference; lastKnownFileType = file.storyboard; name = Base; path = Base.lproj/LaunchScreen.storyboard; sourceTree = "<group>"; };
		6DCE3B9B27B1B3130005A02D /* Info.plist */ = {isa = PBXFileReference; lastKnownFileType = text.plist.xml; path = Info.plist; sourceTree = "<group>"; };
		6DCE3BA027B1B3140005A02D /* MultiplyTests.xctest */ = {isa = PBXFileReference; explicitFileType = wrapper.cfbundle; includeInIndex = 0; path = MultiplyTests.xctest; sourceTree = BUILT_PRODUCTS_DIR; };
		6DCE3BA427B1B3140005A02D /* MultiplyTests.swift */ = {isa = PBXFileReference; lastKnownFileType = sourcecode.swift; path = MultiplyTests.swift; sourceTree = "<group>"; };
		6DCE3BAA27B1B3140005A02D /* MultiplyUITests.xctest */ = {isa = PBXFileReference; explicitFileType = wrapper.cfbundle; includeInIndex = 0; path = MultiplyUITests.xctest; sourceTree = BUILT_PRODUCTS_DIR; };
		6DCE3BAE27B1B3140005A02D /* MultiplyUITests.swift */ = {isa = PBXFileReference; lastKnownFileType = sourcecode.swift; path = MultiplyUITests.swift; sourceTree = "<group>"; };
		6DCE3BB027B1B3140005A02D /* MultiplyUITestsLaunchTests.swift */ = {isa = PBXFileReference; lastKnownFileType = sourcecode.swift; path = MultiplyUITestsLaunchTests.swift; sourceTree = "<group>"; };
/* End PBXFileReference section */

/* Begin PBXFrameworksBuildPhase section */
		6DCE3B8727B1B2F70005A02D /* Frameworks */ = {
			isa = PBXFrameworksBuildPhase;
			buildActionMask = 2147483647;
			files = (
			);
			runOnlyForDeploymentPostprocessing = 0;
		};
		6DCE3B9D27B1B3140005A02D /* Frameworks */ = {
			isa = PBXFrameworksBuildPhase;
			buildActionMask = 2147483647;
			files = (
			);
			runOnlyForDeploymentPostprocessing = 0;
		};
		6DCE3BA727B1B3140005A02D /* Frameworks */ = {
			isa = PBXFrameworksBuildPhase;
			buildActionMask = 2147483647;
			files = (
			);
			runOnlyForDeploymentPostprocessing = 0;
		};
/* End PBXFrameworksBuildPhase section */

/* Begin PBXGroup section */
		6DCE3B8127B1B2F70005A02D = {
			isa = PBXGroup;
			children = (
				6DCE3B8C27B1B2F70005A02D /* Multiply */,
				6DCE3BA327B1B3140005A02D /* MultiplyTests */,
				6DCE3BAD27B1B3140005A02D /* MultiplyUITests */,
				6DCE3B8B27B1B2F70005A02D /* Products */,
			);
			sourceTree = "<group>";
		};
		6DCE3B8B27B1B2F70005A02D /* Products */ = {
			isa = PBXGroup;
			children = (
				6DCE3B8A27B1B2F70005A02D /* Multiply.app */,
				6DCE3BA027B1B3140005A02D /* MultiplyTests.xctest */,
				6DCE3BAA27B1B3140005A02D /* MultiplyUITests.xctest */,
			);
			name = Products;
			sourceTree = "<group>";
		};
		6DCE3B8C27B1B2F70005A02D /* Multiply */ = {
			isa = PBXGroup;
			children = (
				6DCE3B8D27B1B2F70005A02D /* AppDelegate.swift */,
				6DCE3B8F27B1B2F70005A02D /* SceneDelegate.swift */,
				6DCE3B9127B1B2F70005A02D /* ViewController.swift */,
				6DCE3B9327B1B2F70005A02D /* Main.storyboard */,
				6DCE3B9627B1B3130005A02D /* Assets.xcassets */,
				6DCE3B9827B1B3130005A02D /* LaunchScreen.storyboard */,
				6DCE3B9B27B1B3130005A02D /* Info.plist */,
			);
			path = Multiply;
			sourceTree = "<group>";
		};
		6DCE3BA327B1B3140005A02D /* MultiplyTests */ = {
			isa = PBXGroup;
			children = (
				6DCE3BA427B1B3140005A02D /* MultiplyTests.swift */,
			);
			path = MultiplyTests;
			sourceTree = "<group>";
		};
		6DCE3BAD27B1B3140005A02D /* MultiplyUITests */ = {
			isa = PBXGroup;
			children = (
				6DCE3BAE27B1B3140005A02D /* MultiplyUITests.swift */,
				6DCE3BB027B1B3140005A02D /* MultiplyUITestsLaunchTests.swift */,
			);
			path = MultiplyUITests;
			sourceTree = "<group>";
		};
/* End PBXGroup section */

/* Begin PBXNativeTarget section */
		6DCE3B8927B1B2F70005A02D /* Multiply */ = {
			isa = PBXNativeTarget;
			buildConfigurationList = 6DCE3BB427B1B3140005A02D /* Build configuration list for PBXNativeTarget "Multiply" */;
			buildPhases = (
				6DCE3B8627B1B2F70005A02D /* Sources */,
				6DCE3B8727B1B2F70005A02D /* Frameworks */,
				6DCE3B8827B1B2F70005A02D /* Resources */,
			);
			buildRules = (
			);
			dependencies = (
			);
			name = Multiply;
			productName = Multiply;
			productReference = 6DCE3B8A27B1B2F70005A02D /* Multiply.app */;
			productType = "com.apple.product-type.application";
		};
		6DCE3B9F27B1B3140005A02D /* MultiplyTests */ = {
			isa = PBXNativeTarget;
			buildConfigurationList = 6DCE3BB727B1B3140005A02D /* Build configuration list for PBXNativeTarget "MultiplyTests" */;
			buildPhases = (
				6DCE3B9C27B1B3140005A02D /* Sources */,
				6DCE3B9D27B1B3140005A02D /* Frameworks */,
				6DCE3B9E27B1B3140005A02D /* Resources */,
			);
			buildRules = (
			);
			dependencies = (
				6DCE3BA227B1B3140005A02D /* PBXTargetDependency */,
			);
			name = MultiplyTests;
			productName = MultiplyTests;
			productReference = 6DCE3BA027B1B3140005A02D /* MultiplyTests.xctest */;
			productType = "com.apple.product-type.bundle.unit-test";
		};
		6DCE3BA927B1B3140005A02D /* MultiplyUITests */ = {
			isa = PBXNativeTarget;
			buildConfigurationList = 6DCE3BBA27B1B3140005A02D /* Build configuration list for PBXNativeTarget "MultiplyUITests" */;
			buildPhases = (
				6DCE3BA627B1B3140005A02D /* Sources */,
				6DCE3BA727B1B3140005A02D /* Frameworks */,
				6DCE3BA827B1B3140005A02D /* Resources */,
			);
			buildRules = (
			);
			dependencies = (
				6DCE3BAC27B1B3140005A02D /* PBXTargetDependency */,
			);
			name = MultiplyUITests;
			productName = MultiplyUITests;
			productReference = 6DCE3BAA27B1B3140005A02D /* MultiplyUITests.xctest */;
			productType = "com.apple.product-type.bundle.ui-testing";
		};
/* End PBXNativeTarget section */

/* Begin PBXProject section */
		6DCE3B8227B1B2F70005A02D /* Project object */ = {
			isa = PBXProject;
			attributes = {
				BuildIndependentTargetsInParallel = 1;
				LastSwiftUpdateCheck = 1310;
				LastUpgradeCheck = 1310;
				TargetAttributes = {
					6DCE3B8927B1B2F70005A02D = {
						CreatedOnToolsVersion = 13.1;
					};
					6DCE3B9F27B1B3140005A02D = {
						CreatedOnToolsVersion = 13.1;
						TestTargetID = 6DCE3B8927B1B2F70005A02D;
					};
					6DCE3BA927B1B3140005A02D = {
						CreatedOnToolsVersion = 13.1;
						TestTargetID = 6DCE3B8927B1B2F70005A02D;
					};
				};
			};
			buildConfigurationList = 6DCE3B8527B1B2F70005A02D /* Build configuration list for PBXProject "Multiply" */;
			compatibilityVersion = "Xcode 13.0";
			developmentRegion = en;
			hasScannedForEncodings = 0;
			knownRegions = (
				en,
				Base,
			);
			mainGroup = 6DCE3B8127B1B2F70005A02D;
			productRefGroup = 6DCE3B8B27B1B2F70005A02D /* Products */;
			projectDirPath = "";
			projectRoot = "";
			targets = (
				6DCE3B8927B1B2F70005A02D /* Multiply */,
				6DCE3B9F27B1B3140005A02D /* MultiplyTests */,
				6DCE3BA927B1B3140005A02D /* MultiplyUITests */,
			);
		};
/* End PBXProject section */

/* Begin PBXResourcesBuildPhase section */
		6DCE3B8827B1B2F70005A02D /* Resources */ = {
			isa = PBXResourcesBuildPhase;
			buildActionMask = 2147483647;
			files = (
				6DCE3B9A27B1B3130005A02D /* LaunchScreen.storyboard in Resources */,
				6DCE3B9727B1B3130005A02D /* Assets.xcassets in Resources */,
				6DCE3B9527B1B2F70005A02D /* Main.storyboard in Resources */,
			);
			runOnlyForDeploymentPostprocessing = 0;
		};
		6DCE3B9E27B1B3140005A02D /* Resources */ = {
			isa = PBXResourcesBuildPhase;
			buildActionMask = 2147483647;
			files = (
			);
			runOnlyForDeploymentPostprocessing = 0;
		};
		6DCE3BA827B1B3140005A02D /* Resources */ = {
			isa = PBXResourcesBuildPhase;
			buildActionMask = 2147483647;
			files = (
			);
			runOnlyForDeploymentPostprocessing = 0;
		};
/* End PBXResourcesBuildPhase section */

/* Begin PBXSourcesBuildPhase section */
		6DCE3B8627B1B2F70005A02D /* Sources */ = {
			isa = PBXSourcesBuildPhase;
			buildActionMask = 2147483647;
			files = (
				6DCE3B9227B1B2F70005A02D /* ViewController.swift in Sources */,
				6DCE3B8E27B1B2F70005A02D /* AppDelegate.swift in Sources */,
				6DCE3B9027B1B2F70005A02D /* SceneDelegate.swift in Sources */,
			);
			runOnlyForDeploymentPostprocessing = 0;
		};
		6DCE3B9C27B1B3140005A02D /* Sources */ = {
			isa = PBXSourcesBuildPhase;
			buildActionMask = 2147483647;
			files = (
				6DCE3BA527B1B3140005A02D /* MultiplyTests.swift in Sources */,
			);
			runOnlyForDeploymentPostprocessing = 0;
		};
		6DCE3BA627B1B3140005A02D /* Sources */ = {
			isa = PBXSourcesBuildPhase;
			buildActionMask = 2147483647;
			files = (
				6DCE3BB127B1B3140005A02D /* MultiplyUITestsLaunchTests.swift in Sources */,
				6DCE3BAF27B1B3140005A02D /* MultiplyUITests.swift in Sources */,
			);
			runOnlyForDeploymentPostprocessing = 0;
		};
/* End PBXSourcesBuildPhase section */

/* Begin PBXTargetDependency section */
		6DCE3BA227B1B3140005A02D /* PBXTargetDependency */ = {
			isa = PBXTargetDependency;
			target = 6DCE3B8927B1B2F70005A02D /* Multiply */;
			targetProxy = 6DCE3BA127B1B3140005A02D /* PBXContainerItemProxy */;
		};
		6DCE3BAC27B1B3140005A02D /* PBXTargetDependency */ = {
			isa = PBXTargetDependency;
			target = 6DCE3B8927B1B2F70005A02D /* Multiply */;
			targetProxy = 6DCE3BAB27B1B3140005A02D /* PBXContainerItemProxy */;
		};
/* End PBXTargetDependency section */

/* Begin PBXVariantGroup section */
		6DCE3B9327B1B2F70005A02D /* Main.storyboard */ = {
			isa = PBXVariantGroup;
			children = (
				6DCE3B9427B1B2F70005A02D /* Base */,
			);
			name = Main.storyboard;
			sourceTree = "<group>";
		};
		6DCE3B9827B1B3130005A02D /* LaunchScreen.storyboard */ = {
			isa = PBXVariantGroup;
			children = (
				6DCE3B9927B1B3130005A02D /* Base */,
			);
			name = LaunchScreen.storyboard;
			sourceTree = "<group>";
		};
/* End PBXVariantGroup section */

/* Begin XCBuildConfiguration section */
		6DCE3BB227B1B3140005A02D /* Debug */ = {
			isa = XCBuildConfiguration;
			buildSettings = {
				ALWAYS_SEARCH_USER_PATHS = NO;
				CLANG_ANALYZER_NONNULL = YES;
				CLANG_ANALYZER_NUMBER_OBJECT_CONVERSION = YES_AGGRESSIVE;
				CLANG_CXX_LANGUAGE_STANDARD = "gnu++17";
				CLANG_CXX_LIBRARY = "libc++";
				CLANG_ENABLE_MODULES = YES;
				CLANG_ENABLE_OBJC_ARC = YES;
				CLANG_ENABLE_OBJC_WEAK = YES;
				CLANG_WARN_BLOCK_CAPTURE_AUTORELEASING = YES;
				CLANG_WARN_BOOL_CONVERSION = YES;
				CLANG_WARN_COMMA = YES;
				CLANG_WARN_CONSTANT_CONVERSION = YES;
				CLANG_WARN_DEPRECATED_OBJC_IMPLEMENTATIONS = YES;
				CLANG_WARN_DIRECT_OBJC_ISA_USAGE = YES_ERROR;
				CLANG_WARN_DOCUMENTATION_COMMENTS = YES;
				CLANG_WARN_EMPTY_BODY = YES;
				CLANG_WARN_ENUM_CONVERSION = YES;
				CLANG_WARN_INFINITE_RECURSION = YES;
				CLANG_WARN_INT_CONVERSION = YES;
				CLANG_WARN_NON_LITERAL_NULL_CONVERSION = YES;
				CLANG_WARN_OBJC_IMPLICIT_RETAIN_SELF = YES;
				CLANG_WARN_OBJC_LITERAL_CONVERSION = YES;
				CLANG_WARN_OBJC_ROOT_CLASS = YES_ERROR;
				CLANG_WARN_QUOTED_INCLUDE_IN_FRAMEWORK_HEADER = YES;
				CLANG_WARN_RANGE_LOOP_ANALYSIS = YES;
				CLANG_WARN_STRICT_PROTOTYPES = YES;
				CLANG_WARN_SUSPICIOUS_MOVE = YES;
				CLANG_WARN_UNGUARDED_AVAILABILITY = YES_AGGRESSIVE;
				CLANG_WARN_UNREACHABLE_CODE = YES;
				CLANG_WARN__DUPLICATE_METHOD_MATCH = YES;
				COPY_PHASE_STRIP = NO;
				DEBUG_INFORMATION_FORMAT = dwarf;
				ENABLE_STRICT_OBJC_MSGSEND = YES;
				ENABLE_TESTABILITY = YES;
				GCC_C_LANGUAGE_STANDARD = gnu11;
				GCC_DYNAMIC_NO_PIC = NO;
				GCC_NO_COMMON_BLOCKS = YES;
				GCC_OPTIMIZATION_LEVEL = 0;
				GCC_PREPROCESSOR_DEFINITIONS = (
					"DEBUG=1",
					"$(inherited)",
				);
				GCC_WARN_64_TO_32_BIT_CONVERSION = YES;
				GCC_WARN_ABOUT_RETURN_TYPE = YES_ERROR;
				GCC_WARN_UNDECLARED_SELECTOR = YES;
				GCC_WARN_UNINITIALIZED_AUTOS = YES_AGGRESSIVE;
				GCC_WARN_UNUSED_FUNCTION = YES;
				GCC_WARN_UNUSED_VARIABLE = YES;
				IPHONEOS_DEPLOYMENT_TARGET = 15.0;
				MTL_ENABLE_DEBUG_INFO = INCLUDE_SOURCE;
				MTL_FAST_MATH = YES;
				ONLY_ACTIVE_ARCH = YES;
				SDKROOT = iphoneos;
				SWIFT_ACTIVE_COMPILATION_CONDITIONS = DEBUG;
				SWIFT_OPTIMIZATION_LEVEL = "-Onone";
			};
			name = Debug;
		};
		6DCE3BB327B1B3140005A02D /* Release */ = {
			isa = XCBuildConfiguration;
			buildSettings = {
				ALWAYS_SEARCH_USER_PATHS = NO;
				CLANG_ANALYZER_NONNULL = YES;
				CLANG_ANALYZER_NUMBER_OBJECT_CONVERSION = YES_AGGRESSIVE;
				CLANG_CXX_LANGUAGE_STANDARD = "gnu++17";
				CLANG_CXX_LIBRARY = "libc++";
				CLANG_ENABLE_MODULES = YES;
				CLANG_ENABLE_OBJC_ARC = YES;
				CLANG_ENABLE_OBJC_WEAK = YES;
				CLANG_WARN_BLOCK_CAPTURE_AUTORELEASING = YES;
				CLANG_WARN_BOOL_CONVERSION = YES;
				CLANG_WARN_COMMA = YES;
				CLANG_WARN_CONSTANT_CONVERSION = YES;
				CLANG_WARN_DEPRECATED_OBJC_IMPLEMENTATIONS = YES;
				CLANG_WARN_DIRECT_OBJC_ISA_USAGE = YES_ERROR;
				CLANG_WARN_DOCUMENTATION_COMMENTS = YES;
				CLANG_WARN_EMPTY_BODY = YES;
				CLANG_WARN_ENUM_CONVERSION = YES;
				CLANG_WARN_INFINITE_RECURSION = YES;
				CLANG_WARN_INT_CONVERSION = YES;
				CLANG_WARN_NON_LITERAL_NULL_CONVERSION = YES;
				CLANG_WARN_OBJC_IMPLICIT_RETAIN_SELF = YES;
				CLANG_WARN_OBJC_LITERAL_CONVERSION = YES;
				CLANG_WARN_OBJC_ROOT_CLASS = YES_ERROR;
				CLANG_WARN_QUOTED_INCLUDE_IN_FRAMEWORK_HEADER = YES;
				CLANG_WARN_RANGE_LOOP_ANALYSIS = YES;
				CLANG_WARN_STRICT_PROTOTYPES = YES;
				CLANG_WARN_SUSPICIOUS_MOVE = YES;
				CLANG_WARN_UNGUARDED_AVAILABILITY = YES_AGGRESSIVE;
				CLANG_WARN_UNREACHABLE_CODE = YES;
				CLANG_WARN__DUPLICATE_METHOD_MATCH = YES;
				COPY_PHASE_STRIP = NO;
				DEBUG_INFORMATION_FORMAT = "dwarf-with-dsym";
				ENABLE_NS_ASSERTIONS = NO;
				ENABLE_STRICT_OBJC_MSGSEND = YES;
				GCC_C_LANGUAGE_STANDARD = gnu11;
				GCC_NO_COMMON_BLOCKS = YES;
				GCC_WARN_64_TO_32_BIT_CONVERSION = YES;
				GCC_WARN_ABOUT_RETURN_TYPE = YES_ERROR;
				GCC_WARN_UNDECLARED_SELECTOR = YES;
				GCC_WARN_UNINITIALIZED_AUTOS = YES_AGGRESSIVE;
				GCC_WARN_UNUSED_FUNCTION = YES;
				GCC_WARN_UNUSED_VARIABLE = YES;
				IPHONEOS_DEPLOYMENT_TARGET = 15.0;
				MTL_ENABLE_DEBUG_INFO = NO;
				MTL_FAST_MATH = YES;
				SDKROOT = iphoneos;
				SWIFT_COMPILATION_MODE = wholemodule;
				SWIFT_OPTIMIZATION_LEVEL = "-O";
				VALIDATE_PRODUCT = YES;
			};
			name = Release;
		};
		6DCE3BB527B1B3140005A02D /* Debug */ = {
			isa = XCBuildConfiguration;
			buildSettings = {
				ASSETCATALOG_COMPILER_APPICON_NAME = AppIcon;
				ASSETCATALOG_COMPILER_GLOBAL_ACCENT_COLOR_NAME = AccentColor;
				CODE_SIGN_STYLE = Automatic;
				CURRENT_PROJECT_VERSION = 1;
				GENERATE_INFOPLIST_FILE = YES;
				INFOPLIST_FILE = Multiply/Info.plist;
				INFOPLIST_KEY_UIApplicationSupportsIndirectInputEvents = YES;
				INFOPLIST_KEY_UILaunchStoryboardName = LaunchScreen;
				INFOPLIST_KEY_UIMainStoryboardFile = Main;
				INFOPLIST_KEY_UISupportedInterfaceOrientations_iPad = "UIInterfaceOrientationPortrait UIInterfaceOrientationPortraitUpsideDown UIInterfaceOrientationLandscapeLeft UIInterfaceOrientationLandscapeRight";
				INFOPLIST_KEY_UISupportedInterfaceOrientations_iPhone = "UIInterfaceOrientationPortrait UIInterfaceOrientationLandscapeLeft UIInterfaceOrientationLandscapeRight";
				LD_RUNPATH_SEARCH_PATHS = (
					"$(inherited)",
					"@executable_path/Frameworks",
				);
				MARKETING_VERSION = 1.0;
				PRODUCT_BUNDLE_IDENTIFIER = PCA.Multiply;
				PRODUCT_NAME = "$(TARGET_NAME)";
				SWIFT_EMIT_LOC_STRINGS = YES;
				SWIFT_VERSION = 5.0;
				TARGETED_DEVICE_FAMILY = "1,2";
			};
			name = Debug;
		};
		6DCE3BB627B1B3140005A02D /* Release */ = {
			isa = XCBuildConfiguration;
			buildSettings = {
				ASSETCATALOG_COMPILER_APPICON_NAME = AppIcon;
				ASSETCATALOG_COMPILER_GLOBAL_ACCENT_COLOR_NAME = AccentColor;
				CODE_SIGN_STYLE = Automatic;
				CURRENT_PROJECT_VERSION = 1;
				GENERATE_INFOPLIST_FILE = YES;
				INFOPLIST_FILE = Multiply/Info.plist;
				INFOPLIST_KEY_UIApplicationSupportsIndirectInputEvents = YES;
				INFOPLIST_KEY_UILaunchStoryboardName = LaunchScreen;
				INFOPLIST_KEY_UIMainStoryboardFile = Main;
				INFOPLIST_KEY_UISupportedInterfaceOrientations_iPad = "UIInterfaceOrientationPortrait UIInterfaceOrientationPortraitUpsideDown UIInterfaceOrientationLandscapeLeft UIInterfaceOrientationLandscapeRight";
				INFOPLIST_KEY_UISupportedInterfaceOrientations_iPhone = "UIInterfaceOrientationPortrait UIInterfaceOrientationLandscapeLeft UIInterfaceOrientationLandscapeRight";
				LD_RUNPATH_SEARCH_PATHS = (
					"$(inherited)",
					"@executable_path/Frameworks",
				);
				MARKETING_VERSION = 1.0;
				PRODUCT_BUNDLE_IDENTIFIER = PCA.Multiply;
				PRODUCT_NAME = "$(TARGET_NAME)";
				SWIFT_EMIT_LOC_STRINGS = YES;
				SWIFT_VERSION = 5.0;
				TARGETED_DEVICE_FAMILY = "1,2";
			};
			name = Release;
		};
		6DCE3BB827B1B3140005A02D /* Debug */ = {
			isa = XCBuildConfiguration;
			buildSettings = {
				ALWAYS_EMBED_SWIFT_STANDARD_LIBRARIES = YES;
				BUNDLE_LOADER = "$(TEST_HOST)";
				CODE_SIGN_STYLE = Automatic;
				CURRENT_PROJECT_VERSION = 1;
				GENERATE_INFOPLIST_FILE = YES;
				IPHONEOS_DEPLOYMENT_TARGET = 15.0;
				LD_RUNPATH_SEARCH_PATHS = (
					"$(inherited)",
					"@executable_path/Frameworks",
					"@loader_path/Frameworks",
				);
				MARKETING_VERSION = 1.0;
				PRODUCT_BUNDLE_IDENTIFIER = PCA.MultiplyTests;
				PRODUCT_NAME = "$(TARGET_NAME)";
				SWIFT_EMIT_LOC_STRINGS = NO;
				SWIFT_VERSION = 5.0;
				TARGETED_DEVICE_FAMILY = "1,2";
				TEST_HOST = "$(BUILT_PRODUCTS_DIR)/Multiply.app/Multiply";
			};
			name = Debug;
		};
		6DCE3BB927B1B3140005A02D /* Release */ = {
			isa = XCBuildConfiguration;
			buildSettings = {
				ALWAYS_EMBED_SWIFT_STANDARD_LIBRARIES = YES;
				BUNDLE_LOADER = "$(TEST_HOST)";
				CODE_SIGN_STYLE = Automatic;
				CURRENT_PROJECT_VERSION = 1;
				GENERATE_INFOPLIST_FILE = YES;
				IPHONEOS_DEPLOYMENT_TARGET = 15.0;
				LD_RUNPATH_SEARCH_PATHS = (
					"$(inherited)",
					"@executable_path/Frameworks",
					"@loader_path/Frameworks",
				);
				MARKETING_VERSION = 1.0;
				PRODUCT_BUNDLE_IDENTIFIER = PCA.MultiplyTests;
				PRODUCT_NAME = "$(TARGET_NAME)";
				SWIFT_EMIT_LOC_STRINGS = NO;
				SWIFT_VERSION = 5.0;
				TARGETED_DEVICE_FAMILY = "1,2";
				TEST_HOST = "$(BUILT_PRODUCTS_DIR)/Multiply.app/Multiply";
			};
			name = Release;
		};
		6DCE3BBB27B1B3140005A02D /* Debug */ = {
			isa = XCBuildConfiguration;
			buildSettings = {
				ALWAYS_EMBED_SWIFT_STANDARD_LIBRARIES = YES;
				CODE_SIGN_STYLE = Automatic;
				CURRENT_PROJECT_VERSION = 1;
				GENERATE_INFOPLIST_FILE = YES;
				LD_RUNPATH_SEARCH_PATHS = (
					"$(inherited)",
					"@executable_path/Frameworks",
					"@loader_path/Frameworks",
				);
				MARKETING_VERSION = 1.0;
				PRODUCT_BUNDLE_IDENTIFIER = PCA.MultiplyUITests;
				PRODUCT_NAME = "$(TARGET_NAME)";
				SWIFT_EMIT_LOC_STRINGS = NO;
				SWIFT_VERSION = 5.0;
				TARGETED_DEVICE_FAMILY = "1,2";
				TEST_TARGET_NAME = Multiply;
			};
			name = Debug;
		};
		6DCE3BBC27B1B3140005A02D /* Release */ = {
			isa = XCBuildConfiguration;
			buildSettings = {
				ALWAYS_EMBED_SWIFT_STANDARD_LIBRARIES = YES;
				CODE_SIGN_STYLE = Automatic;
				CURRENT_PROJECT_VERSION = 1;
				GENERATE_INFOPLIST_FILE = YES;
				LD_RUNPATH_SEARCH_PATHS = (
					"$(inherited)",
					"@executable_path/Frameworks",
					"@loader_path/Frameworks",
				);
				MARKETING_VERSION = 1.0;
				PRODUCT_BUNDLE_IDENTIFIER = PCA.MultiplyUITests;
				PRODUCT_NAME = "$(TARGET_NAME)";
				SWIFT_EMIT_LOC_STRINGS = NO;
				SWIFT_VERSION = 5.0;
				TARGETED_DEVICE_FAMILY = "1,2";
				TEST_TARGET_NAME = Multiply;
			};
			name = Release;
		};
/* End XCBuildConfiguration section */

/* Begin XCConfigurationList section */
		6DCE3B8527B1B2F70005A02D /* Build configuration list for PBXProject "Multiply" */ = {
			isa = XCConfigurationList;
			buildConfigurations = (
				6DCE3BB227B1B3140005A02D /* Debug */,
				6DCE3BB327B1B3140005A02D /* Release */,
			);
			defaultConfigurationIsVisible = 0;
			defaultConfigurationName = Release;
		};
		6DCE3BB427B1B3140005A02D /* Build configuration list for PBXNativeTarget "Multiply" */ = {
			isa = XCConfigurationList;
			buildConfigurations = (
				6DCE3BB527B1B3140005A02D /* Debug */,
				6DCE3BB627B1B3140005A02D /* Release */,
			);
			defaultConfigurationIsVisible = 0;
			defaultConfigurationName = Release;
		};
		6DCE3BB727B1B3140005A02D /* Build configuration list for PBXNativeTarget "MultiplyTests" */ = {
			isa = XCConfigurationList;
			buildConfigurations = (
				6DCE3BB827B1B3140005A02D /* Debug */,
				6DCE3BB927B1B3140005A02D /* Release */,
			);
			defaultConfigurationIsVisible = 0;
			defaultConfigurationName = Release;
		};
		6DCE3BBA27B1B3140005A02D /* Build configuration list for PBXNativeTarget "MultiplyUITests" */ = {
			isa = XCConfigurationList;
			buildConfigurations = (
				6DCE3BBB27B1B3140005A02D /* Debug */,
				6DCE3BBC27B1B3140005A02D /* Release */,
			);
			defaultConfigurationIsVisible = 0;
			defaultConfigurationName = Release;
		};
/* End XCConfigurationList section */
	};
	rootObject = 6DCE3B8227B1B2F70005A02D /* Project object */;
}
